
Microsoft Visual Studio Solution File, Format Version 12.00
# Visual Studio Version 17
VisualStudioVersion = 17.0.31611.283
MinimumVisualStudioVersion = 10.0.40219.1
Project("{2150E333-8FDC-42A3-9474-1A3956D46DE8}") = "src", "src", "{7FD9E644-B760-47D7-A4FC-61199AFE9D62}"
EndProject
Project("{2150E333-8FDC-42A3-9474-1A3956D46DE8}") = "test", "test", "{EE37724C-5FEF-46BB-AD80-CD002CC7FF54}"
EndProject
Project("{FAE04EC0-301F-11D3-BF4B-00C04F79EFBC}") = "SimpleApp.Library", "src\SimpleApp.Library\SimpleApp.Library.csproj", "{9E914292-97FE-4114-992D-C5110F66D879}"
EndProject
Project("{FAE04EC0-301F-11D3-BF4B-00C04F79EFBC}") = "SimpleApp.DeviceTests", "test\SimpleApp.DeviceTests\SimpleApp.DeviceTests.csproj", "{630F26BC-974D-4F48-AF2D-A43D2A864363}"
EndProject
Project("{FAE04EC0-301F-11D3-BF4B-00C04F79EFBC}") = "SimpleApp.StrongLib", "src\SimpleApp.StrongLib\SimpleApp.StrongLib.csproj", "{FE8BFB72-BDA6-439D-BBB0-69173362AAF1}"
EndProject
Project("{FAE04EC0-301F-11D3-BF4B-00C04F79EFBC}") = "SimpleApp.StrongLib.Tests", "test\SimpleApp.StrongLib.Tests\SimpleApp.StrongLib.Tests.csproj", "{C7FE9C4A-9F13-4A65-BDA9-554987510FEC}"
EndProject
Global
	GlobalSection(SolutionConfigurationPlatforms) = preSolution
		Debug|Any CPU = Debug|Any CPU
		Release|Any CPU = Release|Any CPU
	EndGlobalSection
	GlobalSection(ProjectConfigurationPlatforms) = postSolution
		{9E914292-97FE-4114-992D-C5110F66D879}.Debug|Any CPU.ActiveCfg = Debug|Any CPU
		{9E914292-97FE-4114-992D-C5110F66D879}.Debug|Any CPU.Build.0 = Debug|Any CPU
		{9E914292-97FE-4114-992D-C5110F66D879}.Release|Any CPU.ActiveCfg = Release|Any CPU
		{9E914292-97FE-4114-992D-C5110F66D879}.Release|Any CPU.Build.0 = Release|Any CPU
		{630F26BC-974D-4F48-AF2D-A43D2A864363}.Debug|Any CPU.ActiveCfg = Debug|Any CPU
		{630F26BC-974D-4F48-AF2D-A43D2A864363}.Debug|Any CPU.Build.0 = Debug|Any CPU
		{630F26BC-974D-4F48-AF2D-A43D2A864363}.Release|Any CPU.ActiveCfg = Release|Any CPU
		{630F26BC-974D-4F48-AF2D-A43D2A864363}.Release|Any CPU.Build.0 = Release|Any CPU
		{FE8BFB72-BDA6-439D-BBB0-69173362AAF1}.Debug|Any CPU.ActiveCfg = Debug|Any CPU
		{FE8BFB72-BDA6-439D-BBB0-69173362AAF1}.Debug|Any CPU.Build.0 = Debug|Any CPU
		{FE8BFB72-BDA6-439D-BBB0-69173362AAF1}.Release|Any CPU.ActiveCfg = Release|Any CPU
		{FE8BFB72-BDA6-439D-BBB0-69173362AAF1}.Release|Any CPU.Build.0 = Release|Any CPU
		{C7FE9C4A-9F13-4A65-BDA9-554987510FEC}.Debug|Any CPU.ActiveCfg = Debug|Any CPU
		{C7FE9C4A-9F13-4A65-BDA9-554987510FEC}.Debug|Any CPU.Build.0 = Debug|Any CPU
		{C7FE9C4A-9F13-4A65-BDA9-554987510FEC}.Release|Any CPU.ActiveCfg = Release|Any CPU
		{C7FE9C4A-9F13-4A65-BDA9-554987510FEC}.Release|Any CPU.Build.0 = Release|Any CPU
	EndGlobalSection
	GlobalSection(SolutionProperties) = preSolution
		HideSolutionNode = FALSE
	EndGlobalSection
	GlobalSection(NestedProjects) = preSolution
		{9E914292-97FE-4114-992D-C5110F66D879} = {7FD9E644-B760-47D7-A4FC-61199AFE9D62}
		{630F26BC-974D-4F48-AF2D-A43D2A864363} = {EE37724C-5FEF-46BB-AD80-CD002CC7FF54}
		{FE8BFB72-BDA6-439D-BBB0-69173362AAF1} = {7FD9E644-B760-47D7-A4FC-61199AFE9D62}
		{C7FE9C4A-9F13-4A65-BDA9-554987510FEC} = {EE37724C-5FEF-46BB-AD80-CD002CC7FF54}
	EndGlobalSection
	GlobalSection(ExtensibilityGlobals) = postSolution
		SolutionGuid = {2DABD41C-B083-429E-AE1E-971CFF8DC199}
	EndGlobalSection
EndGlobal
